// !$*UTF8*$!
{
	archiveVersion = 1;
	classes = {
	};
	objectVersion = 46;
	objects = {

/* Begin PBXBuildFile section */
		E6043D711DF69B83006F6351 /* main.m in Sources */ = {isa = PBXBuildFile; fileRef = E6043D701DF69B83006F6351 /* main.m */; };
		E6043D741DF69B83006F6351 /* AppDelegate.m in Sources */ = {isa = PBXBuildFile; fileRef = E6043D731DF69B83006F6351 /* AppDelegate.m */; };
		E6043D771DF69B83006F6351 /* ViewController.m in Sources */ = {isa = PBXBuildFile; fileRef = E6043D761DF69B83006F6351 /* ViewController.m */; };
		E6043D7A1DF69B83006F6351 /* Main.storyboard in Resources */ = {isa = PBXBuildFile; fileRef = E6043D781DF69B83006F6351 /* Main.storyboard */; };
		E6043D7D1DF69B83006F6351 /* CoreDataDemoApp.xcdatamodeld in Sources */ = {isa = PBXBuildFile; fileRef = E6043D7B1DF69B83006F6351 /* CoreDataDemoApp.xcdatamodeld */; };
		E6043D7F1DF69B83006F6351 /* Assets.xcassets in Resources */ = {isa = PBXBuildFile; fileRef = E6043D7E1DF69B83006F6351 /* Assets.xcassets */; };
		E6043D821DF69B83006F6351 /* LaunchScreen.storyboard in Resources */ = {isa = PBXBuildFile; fileRef = E6043D801DF69B83006F6351 /* LaunchScreen.storyboard */; };
		E6043D8D1DF69B83006F6351 /* CoreDataDemoAppTests.m in Sources */ = {isa = PBXBuildFile; fileRef = E6043D8C1DF69B83006F6351 /* CoreDataDemoAppTests.m */; };
		E6043D981DF69B83006F6351 /* CoreDataDemoAppUITests.m in Sources */ = {isa = PBXBuildFile; fileRef = E6043D971DF69B83006F6351 /* CoreDataDemoAppUITests.m */; };
		E6043DAD1DF6A212006F6351 /* Department+CoreDataProperties.m in Sources */ = {isa = PBXBuildFile; fileRef = E6043DA61DF6A212006F6351 /* Department+CoreDataProperties.m */; };
		E6043DAE1DF6A212006F6351 /* Department.m in Sources */ = {isa = PBXBuildFile; fileRef = E6043DA81DF6A212006F6351 /* Department.m */; };
		E6043DAF1DF6A212006F6351 /* Employee+CoreDataProperties.m in Sources */ = {isa = PBXBuildFile; fileRef = E6043DAA1DF6A212006F6351 /* Employee+CoreDataProperties.m */; };
		E6043DB01DF6A212006F6351 /* Employee.m in Sources */ = {isa = PBXBuildFile; fileRef = E6043DAC1DF6A212006F6351 /* Employee.m */; };
/* End PBXBuildFile section */

/* Begin PBXContainerItemProxy section */
		E6043D891DF69B83006F6351 /* PBXContainerItemProxy */ = {
			isa = PBXContainerItemProxy;
			containerPortal = E6043D641DF69B82006F6351 /* Project object */;
			proxyType = 1;
			remoteGlobalIDString = E6043D6B1DF69B83006F6351;
			remoteInfo = CoreDataDemoApp;
		};
		E6043D941DF69B83006F6351 /* PBXContainerItemProxy */ = {
			isa = PBXContainerItemProxy;
			containerPortal = E6043D641DF69B82006F6351 /* Project object */;
			proxyType = 1;
			remoteGlobalIDString = E6043D6B1DF69B83006F6351;
			remoteInfo = CoreDataDemoApp;
		};
/* End PBXContainerItemProxy section */

/* Begin PBXFileReference section */
		E6043D6C1DF69B83006F6351 /* CoreDataDemoApp.app */ = {isa = PBXFileReference; explicitFileType = wrapper.application; includeInIndex = 0; path = CoreDataDemoApp.app; sourceTree = BUILT_PRODUCTS_DIR; };
		E6043D701DF69B83006F6351 /* main.m */ = {isa = PBXFileReference; lastKnownFileType = sourcecode.c.objc; path = main.m; sourceTree = "<group>"; };
		E6043D721DF69B83006F6351 /* AppDelegate.h */ = {isa = PBXFileReference; lastKnownFileType = sourcecode.c.h; path = AppDelegate.h; sourceTree = "<group>"; };
		E6043D731DF69B83006F6351 /* AppDelegate.m */ = {isa = PBXFileReference; lastKnownFileType = sourcecode.c.objc; path = AppDelegate.m; sourceTree = "<group>"; };
		E6043D751DF69B83006F6351 /* ViewController.h */ = {isa = PBXFileReference; lastKnownFileType = sourcecode.c.h; path = ViewController.h; sourceTree = "<group>"; };
		E6043D761DF69B83006F6351 /* ViewController.m */ = {isa = PBXFileReference; lastKnownFileType = sourcecode.c.objc; path = ViewController.m; sourceTree = "<group>"; };
		E6043D791DF69B83006F6351 /* Base */ = {isa = PBXFileReference; lastKnownFileType = file.storyboard; name = Base; path = Base.lproj/Main.storyboard; sourceTree = "<group>"; };
		E6043D7C1DF69B83006F6351 /* CoreDataDemoApp.xcdatamodel */ = {isa = PBXFileReference; lastKnownFileType = wrapper.xcdatamodel; path = CoreDataDemoApp.xcdatamodel; sourceTree = "<group>"; };
		E6043D7E1DF69B83006F6351 /* Assets.xcassets */ = {isa = PBXFileReference; lastKnownFileType = folder.assetcatalog; path = Assets.xcassets; sourceTree = "<group>"; };
		E6043D811DF69B83006F6351 /* Base */ = {isa = PBXFileReference; lastKnownFileType = file.storyboard; name = Base; path = Base.lproj/LaunchScreen.storyboard; sourceTree = "<group>"; };
		E6043D831DF69B83006F6351 /* Info.plist */ = {isa = PBXFileReference; lastKnownFileType = text.plist.xml; path = Info.plist; sourceTree = "<group>"; };
		E6043D881DF69B83006F6351 /* CoreDataDemoAppTests.xctest */ = {isa = PBXFileReference; explicitFileType = wrapper.cfbundle; includeInIndex = 0; path = CoreDataDemoAppTests.xctest; sourceTree = BUILT_PRODUCTS_DIR; };
		E6043D8C1DF69B83006F6351 /* CoreDataDemoAppTests.m */ = {isa = PBXFileReference; lastKnownFileType = sourcecode.c.objc; path = CoreDataDemoAppTests.m; sourceTree = "<group>"; };
		E6043D8E1DF69B83006F6351 /* Info.plist */ = {isa = PBXFileReference; lastKnownFileType = text.plist.xml; path = Info.plist; sourceTree = "<group>"; };
		E6043D931DF69B83006F6351 /* CoreDataDemoAppUITests.xctest */ = {isa = PBXFileReference; explicitFileType = wrapper.cfbundle; includeInIndex = 0; path = CoreDataDemoAppUITests.xctest; sourceTree = BUILT_PRODUCTS_DIR; };
		E6043D971DF69B83006F6351 /* CoreDataDemoAppUITests.m */ = {isa = PBXFileReference; lastKnownFileType = sourcecode.c.objc; path = CoreDataDemoAppUITests.m; sourceTree = "<group>"; };
		E6043D991DF69B83006F6351 /* Info.plist */ = {isa = PBXFileReference; lastKnownFileType = text.plist.xml; path = Info.plist; sourceTree = "<group>"; };
		E6043DA51DF6A212006F6351 /* Department+CoreDataProperties.h */ = {isa = PBXFileReference; fileEncoding = 4; lastKnownFileType = sourcecode.c.h; path = "Department+CoreDataProperties.h"; sourceTree = "<group>"; };
		E6043DA61DF6A212006F6351 /* Department+CoreDataProperties.m */ = {isa = PBXFileReference; fileEncoding = 4; lastKnownFileType = sourcecode.c.objc; path = "Department+CoreDataProperties.m"; sourceTree = "<group>"; };
		E6043DA71DF6A212006F6351 /* Department.h */ = {isa = PBXFileReference; fileEncoding = 4; lastKnownFileType = sourcecode.c.h; path = Department.h; sourceTree = "<group>"; };
		E6043DA81DF6A212006F6351 /* Department.m */ = {isa = PBXFileReference; fileEncoding = 4; lastKnownFileType = sourcecode.c.objc; path = Department.m; sourceTree = "<group>"; };
		E6043DA91DF6A212006F6351 /* Employee+CoreDataProperties.h */ = {isa = PBXFileReference; fileEncoding = 4; lastKnownFileType = sourcecode.c.h; path = "Employee+CoreDataProperties.h"; sourceTree = "<group>"; };
		E6043DAA1DF6A212006F6351 /* Employee+CoreDataProperties.m */ = {isa = PBXFileReference; fileEncoding = 4; lastKnownFileType = sourcecode.c.objc; path = "Employee+CoreDataProperties.m"; sourceTree = "<group>"; };
		E6043DAB1DF6A212006F6351 /* Employee.h */ = {isa = PBXFileReference; fileEncoding = 4; lastKnownFileType = sourcecode.c.h; path = Employee.h; sourceTree = "<group>"; };
		E6043DAC1DF6A212006F6351 /* Employee.m */ = {isa = PBXFileReference; fileEncoding = 4; lastKnownFileType = sourcecode.c.objc; path = Employee.m; sourceTree = "<group>"; };
/* End PBXFileReference section */

/* Begin PBXFrameworksBuildPhase section */
		E6043D691DF69B83006F6351 /* Frameworks */ = {
			isa = PBXFrameworksBuildPhase;
			buildActionMask = 2147483647;
			files = (
			);
			runOnlyForDeploymentPostprocessing = 0;
		};
		E6043D851DF69B83006F6351 /* Frameworks */ = {
			isa = PBXFrameworksBuildPhase;
			buildActionMask = 2147483647;
			files = (
			);
			runOnlyForDeploymentPostprocessing = 0;
		};
		E6043D901DF69B83006F6351 /* Frameworks */ = {
			isa = PBXFrameworksBuildPhase;
			buildActionMask = 2147483647;
			files = (
			);
			runOnlyForDeploymentPostprocessing = 0;
		};
/* End PBXFrameworksBuildPhase section */

/* Begin PBXGroup section */
		E6043D631DF69B82006F6351 = {
			isa = PBXGroup;
			children = (
				E6043D6E1DF69B83006F6351 /* CoreDataDemoApp */,
				E6043D8B1DF69B83006F6351 /* CoreDataDemoAppTests */,
				E6043D961DF69B83006F6351 /* CoreDataDemoAppUITests */,
				E6043D6D1DF69B83006F6351 /* Products */,
			);
			sourceTree = "<group>";
		};
		E6043D6D1DF69B83006F6351 /* Products */ = {
			isa = PBXGroup;
			children = (
				E6043D6C1DF69B83006F6351 /* CoreDataDemoApp.app */,
				E6043D881DF69B83006F6351 /* CoreDataDemoAppTests.xctest */,
				E6043D931DF69B83006F6351 /* CoreDataDemoAppUITests.xctest */,
			);
			name = Products;
			sourceTree = "<group>";
		};
		E6043D6E1DF69B83006F6351 /* CoreDataDemoApp */ = {
			isa = PBXGroup;
			children = (
				E6043D721DF69B83006F6351 /* AppDelegate.h */,
				E6043D731DF69B83006F6351 /* AppDelegate.m */,
				E6043D751DF69B83006F6351 /* ViewController.h */,
				E6043D761DF69B83006F6351 /* ViewController.m */,
				E6043DA51DF6A212006F6351 /* Department+CoreDataProperties.h */,
				E6043DA61DF6A212006F6351 /* Department+CoreDataProperties.m */,
				E6043DA71DF6A212006F6351 /* Department.h */,
				E6043DA81DF6A212006F6351 /* Department.m */,
				E6043DA91DF6A212006F6351 /* Employee+CoreDataProperties.h */,
				E6043DAA1DF6A212006F6351 /* Employee+CoreDataProperties.m */,
				E6043DAB1DF6A212006F6351 /* Employee.h */,
				E6043DAC1DF6A212006F6351 /* Employee.m */,
				E6043D781DF69B83006F6351 /* Main.storyboard */,
				E6043D7E1DF69B83006F6351 /* Assets.xcassets */,
				E6043D801DF69B83006F6351 /* LaunchScreen.storyboard */,
				E6043D831DF69B83006F6351 /* Info.plist */,
				E6043D7B1DF69B83006F6351 /* CoreDataDemoApp.xcdatamodeld */,
				E6043D6F1DF69B83006F6351 /* Supporting Files */,
			);
			path = CoreDataDemoApp;
			sourceTree = "<group>";
		};
		E6043D6F1DF69B83006F6351 /* Supporting Files */ = {
			isa = PBXGroup;
			children = (
				E6043D701DF69B83006F6351 /* main.m */,
			);
			name = "Supporting Files";
			sourceTree = "<group>";
		};
		E6043D8B1DF69B83006F6351 /* CoreDataDemoAppTests */ = {
			isa = PBXGroup;
			children = (
				E6043D8C1DF69B83006F6351 /* CoreDataDemoAppTests.m */,
				E6043D8E1DF69B83006F6351 /* Info.plist */,
			);
			path = CoreDataDemoAppTests;
			sourceTree = "<group>";
		};
		E6043D961DF69B83006F6351 /* CoreDataDemoAppUITests */ = {
			isa = PBXGroup;
			children = (
				E6043D971DF69B83006F6351 /* CoreDataDemoAppUITests.m */,
				E6043D991DF69B83006F6351 /* Info.plist */,
			);
			path = CoreDataDemoAppUITests;
			sourceTree = "<group>";
		};
/* End PBXGroup section */

/* Begin PBXNativeTarget section */
		E6043D6B1DF69B83006F6351 /* CoreDataDemoApp */ = {
			isa = PBXNativeTarget;
			buildConfigurationList = E6043D9C1DF69B83006F6351 /* Build configuration list for PBXNativeTarget "CoreDataDemoApp" */;
			buildPhases = (
				E6043D681DF69B83006F6351 /* Sources */,
				E6043D691DF69B83006F6351 /* Frameworks */,
				E6043D6A1DF69B83006F6351 /* Resources */,
			);
			buildRules = (
			);
			dependencies = (
			);
			name = CoreDataDemoApp;
			productName = CoreDataDemoApp;
			productReference = E6043D6C1DF69B83006F6351 /* CoreDataDemoApp.app */;
			productType = "com.apple.product-type.application";
		};
		E6043D871DF69B83006F6351 /* CoreDataDemoAppTests */ = {
			isa = PBXNativeTarget;
			buildConfigurationList = E6043D9F1DF69B83006F6351 /* Build configuration list for PBXNativeTarget "CoreDataDemoAppTests" */;
			buildPhases = (
				E6043D841DF69B83006F6351 /* Sources */,
				E6043D851DF69B83006F6351 /* Frameworks */,
				E6043D861DF69B83006F6351 /* Resources */,
			);
			buildRules = (
			);
			dependencies = (
				E6043D8A1DF69B83006F6351 /* PBXTargetDependency */,
			);
			name = CoreDataDemoAppTests;
			productName = CoreDataDemoAppTests;
			productReference = E6043D881DF69B83006F6351 /* CoreDataDemoAppTests.xctest */;
			productType = "com.apple.product-type.bundle.unit-test";
		};
		E6043D921DF69B83006F6351 /* CoreDataDemoAppUITests */ = {
			isa = PBXNativeTarget;
			buildConfigurationList = E6043DA21DF69B83006F6351 /* Build configuration list for PBXNativeTarget "CoreDataDemoAppUITests" */;
			buildPhases = (
				E6043D8F1DF69B83006F6351 /* Sources */,
				E6043D901DF69B83006F6351 /* Frameworks */,
				E6043D911DF69B83006F6351 /* Resources */,
			);
			buildRules = (
			);
			dependencies = (
				E6043D951DF69B83006F6351 /* PBXTargetDependency */,
			);
			name = CoreDataDemoAppUITests;
			productName = CoreDataDemoAppUITests;
			productReference = E6043D931DF69B83006F6351 /* CoreDataDemoAppUITests.xctest */;
			productType = "com.apple.product-type.bundle.ui-testing";
		};
/* End PBXNativeTarget section */

/* Begin PBXProject section */
		E6043D641DF69B82006F6351 /* Project object */ = {
			isa = PBXProject;
			attributes = {
				LastUpgradeCheck = 0730;
				ORGANIZATIONNAME = Divesh;
				TargetAttributes = {
					E6043D6B1DF69B83006F6351 = {
						CreatedOnToolsVersion = 7.3;
					};
					E6043D871DF69B83006F6351 = {
						CreatedOnToolsVersion = 7.3;
						TestTargetID = E6043D6B1DF69B83006F6351;
					};
					E6043D921DF69B83006F6351 = {
						CreatedOnToolsVersion = 7.3;
						TestTargetID = E6043D6B1DF69B83006F6351;
					};
				};
			};
			buildConfigurationList = E6043D671DF69B82006F6351 /* Build configuration list for PBXProject "CoreDataDemoApp" */;
			compatibilityVersion = "Xcode 3.2";
			developmentRegion = English;
			hasScannedForEncodings = 0;
			knownRegions = (
				en,
				Base,
			);
			mainGroup = E6043D631DF69B82006F6351;
			productRefGroup = E6043D6D1DF69B83006F6351 /* Products */;
			projectDirPath = "";
			projectRoot = "";
			targets = (
				E6043D6B1DF69B83006F6351 /* CoreDataDemoApp */,
				E6043D871DF69B83006F6351 /* CoreDataDemoAppTests */,
				E6043D921DF69B83006F6351 /* CoreDataDemoAppUITests */,
			);
		};
/* End PBXProject section */

/* Begin PBXResourcesBuildPhase section */
		E6043D6A1DF69B83006F6351 /* Resources */ = {
			isa = PBXResourcesBuildPhase;
			buildActionMask = 2147483647;
			files = (
				E6043D821DF69B83006F6351 /* LaunchScreen.storyboard in Resources */,
				E6043D7F1DF69B83006F6351 /* Assets.xcassets in Resources */,
				E6043D7A1DF69B83006F6351 /* Main.storyboard in Resources */,
			);
			runOnlyForDeploymentPostprocessing = 0;
		};
		E6043D861DF69B83006F6351 /* Resources */ = {
			isa = PBXResourcesBuildPhase;
			buildActionMask = 2147483647;
			files = (
			);
			runOnlyForDeploymentPostprocessing = 0;
		};
		E6043D911DF69B83006F6351 /* Resources */ = {
			isa = PBXResourcesBuildPhase;
			buildActionMask = 2147483647;
			files = (
			);
			runOnlyForDeploymentPostprocessing = 0;
		};
/* End PBXResourcesBuildPhase section */

/* Begin PBXSourcesBuildPhase section */
		E6043D681DF69B83006F6351 /* Sources */ = {
			isa = PBXSourcesBuildPhase;
			buildActionMask = 2147483647;
			files = (
				E6043DAF1DF6A212006F6351 /* Employee+CoreDataProperties.m in Sources */,
				E6043D771DF69B83006F6351 /* ViewController.m in Sources */,
				E6043D7D1DF69B83006F6351 /* CoreDataDemoApp.xcdatamodeld in Sources */,
				E6043D741DF69B83006F6351 /* AppDelegate.m in Sources */,
				E6043D711DF69B83006F6351 /* main.m in Sources */,
				E6043DB01DF6A212006F6351 /* Employee.m in Sources */,
				E6043DAD1DF6A212006F6351 /* Department+CoreDataProperties.m in Sources */,
				E6043DAE1DF6A212006F6351 /* Department.m in Sources */,
			);
			runOnlyForDeploymentPostprocessing = 0;
		};
		E6043D841DF69B83006F6351 /* Sources */ = {
			isa = PBXSourcesBuildPhase;
			buildActionMask = 2147483647;
			files = (
				E6043D8D1DF69B83006F6351 /* CoreDataDemoAppTests.m in Sources */,
			);
			runOnlyForDeploymentPostprocessing = 0;
		};
		E6043D8F1DF69B83006F6351 /* Sources */ = {
			isa = PBXSourcesBuildPhase;
			buildActionMask = 2147483647;
			files = (
				E6043D981DF69B83006F6351 /* CoreDataDemoAppUITests.m in Sources */,
			);
			runOnlyForDeploymentPostprocessing = 0;
		};
/* End PBXSourcesBuildPhase section */

/* Begin PBXTargetDependency section */
		E6043D8A1DF69B83006F6351 /* PBXTargetDependency */ = {
			isa = PBXTargetDependency;
			target = E6043D6B1DF69B83006F6351 /* CoreDataDemoApp */;
			targetProxy = E6043D891DF69B83006F6351 /* PBXContainerItemProxy */;
		};
		E6043D951DF69B83006F6351 /* PBXTargetDependency */ = {
			isa = PBXTargetDependency;
			target = E6043D6B1DF69B83006F6351 /* CoreDataDemoApp */;
			targetProxy = E6043D941DF69B83006F6351 /* PBXContainerItemProxy */;
		};
/* End PBXTargetDependency section */

/* Begin PBXVariantGroup section */
		E6043D781DF69B83006F6351 /* Main.storyboard */ = {
			isa = PBXVariantGroup;
			children = (
				E6043D791DF69B83006F6351 /* Base */,
			);
			name = Main.storyboard;
			sourceTree = "<group>";
		};
		E6043D801DF69B83006F6351 /* LaunchScreen.storyboard */ = {
			isa = PBXVariantGroup;
			children = (
				E6043D811DF69B83006F6351 /* Base */,
			);
			name = LaunchScreen.storyboard;
			sourceTree = "<group>";
		};
/* End PBXVariantGroup section */

/* Begin XCBuildConfiguration section */
		E6043D9A1DF69B83006F6351 /* Debug */ = {
			isa = XCBuildConfiguration;
			buildSettings = {
				ALWAYS_SEARCH_USER_PATHS = NO;
				CLANG_ANALYZER_NONNULL = YES;
				CLANG_CXX_LANGUAGE_STANDARD = "gnu++0x";
				CLANG_CXX_LIBRARY = "libc++";
				CLANG_ENABLE_MODULES = YES;
				CLANG_ENABLE_OBJC_ARC = YES;
				CLANG_WARN_BOOL_CONVERSION = YES;
				CLANG_WARN_CONSTANT_CONVERSION = YES;
				CLANG_WARN_DIRECT_OBJC_ISA_USAGE = YES_ERROR;
				CLANG_WARN_EMPTY_BODY = YES;
				CLANG_WARN_ENUM_CONVERSION = YES;
				CLANG_WARN_INT_CONVERSION = YES;
				CLANG_WARN_OBJC_ROOT_CLASS = YES_ERROR;
				CLANG_WARN_UNREACHABLE_CODE = YES;
				CLANG_WARN__DUPLICATE_METHOD_MATCH = YES;
				"CODE_SIGN_IDENTITY[sdk=iphoneos*]" = "iPhone Developer";
				COPY_PHASE_STRIP = NO;
				DEBUG_INFORMATION_FORMAT = dwarf;
				ENABLE_STRICT_OBJC_MSGSEND = YES;
				ENABLE_TESTABILITY = YES;
				GCC_C_LANGUAGE_STANDARD = gnu99;
				GCC_DYNAMIC_NO_PIC = NO;
				GCC_NO_COMMON_BLOCKS = YES;
				GCC_OPTIMIZATION_LEVEL = 0;
				GCC_PREPROCESSOR_DEFINITIONS = (
					"DEBUG=1",
					"$(inherited)",
				);
				GCC_WARN_64_TO_32_BIT_CONVERSION = YES;
				GCC_WARN_ABOUT_RETURN_TYPE = YES_ERROR;
				GCC_WARN_UNDECLARED_SELECTOR = YES;
				GCC_WARN_UNINITIALIZED_AUTOS = YES_AGGRESSIVE;
				GCC_WARN_UNUSED_FUNCTION = YES;
				GCC_WARN_UNUSED_VARIABLE = YES;
				IPHONEOS_DEPLOYMENT_TARGET = 9.3;
				MTL_ENABLE_DEBUG_INFO = YES;
				ONLY_ACTIVE_ARCH = YES;
				SDKROOT = iphoneos;
				TARGETED_DEVICE_FAMILY = "1,2";
			};
			name = Debug;
		};
		E6043D9B1DF69B83006F6351 /* Release */ = {
			isa = XCBuildConfiguration;
			buildSettings = {
				ALWAYS_SEARCH_USER_PATHS = NO;
				CLANG_ANALYZER_NONNULL = YES;
				CLANG_CXX_LANGUAGE_STANDARD = "gnu++0x";
				CLANG_CXX_LIBRARY = "libc++";
				CLANG_ENABLE_MODULES = YES;
				CLANG_ENABLE_OBJC_ARC = YES;
				CLANG_WARN_BOOL_CONVERSION = YES;
				CLANG_WARN_CONSTANT_CONVERSION = YES;
				CLANG_WARN_DIRECT_OBJC_ISA_USAGE = YES_ERROR;
				CLANG_WARN_EMPTY_BODY = YES;
				CLANG_WARN_ENUM_CONVERSION = YES;
				CLANG_WARN_INT_CONVERSION = YES;
				CLANG_WARN_OBJC_ROOT_CLASS = YES_ERROR;
				CLANG_WARN_UNREACHABLE_CODE = YES;
				CLANG_WARN__DUPLICATE_METHOD_MATCH = YES;
				"CODE_SIGN_IDENTITY[sdk=iphoneos*]" = "iPhone Developer";
				COPY_PHASE_STRIP = NO;
				DEBUG_INFORMATION_FORMAT = "dwarf-with-dsym";
				ENABLE_NS_ASSERTIONS = NO;
				ENABLE_STRICT_OBJC_MSGSEND = YES;
				GCC_C_LANGUAGE_STANDARD = gnu99;
				GCC_NO_COMMON_BLOCKS = YES;
				GCC_WARN_64_TO_32_BIT_CONVERSION = YES;
				GCC_WARN_ABOUT_RETURN_TYPE = YES_ERROR;
				GCC_WARN_UNDECLARED_SELECTOR = YES;
				GCC_WARN_UNINITIALIZED_AUTOS = YES_AGGRESSIVE;
				GCC_WARN_UNUSED_FUNCTION = YES;
				GCC_WARN_UNUSED_VARIABLE = YES;
				IPHONEOS_DEPLOYMENT_TARGET = 9.3;
				MTL_ENABLE_DEBUG_INFO = NO;
				SDKROOT = iphoneos;
				TARGETED_DEVICE_FAMILY = "1,2";
				VALIDATE_PRODUCT = YES;
			};
			name = Release;
		};
		E6043D9D1DF69B83006F6351 /* Debug */ = {
			isa = XCBuildConfiguration;
			buildSettings = {
				ASSETCATALOG_COMPILER_APPICON_NAME = AppIcon;
				INFOPLIST_FILE = CoreDataDemoApp/Info.plist;
				LD_RUNPATH_SEARCH_PATHS = "$(inherited) @executable_path/Frameworks";
				PRODUCT_BUNDLE_IDENTIFIER = "Felix-ITs-Divesh.CoreDataDemoApp";
				PRODUCT_NAME = "$(TARGET_NAME)";
			};
			name = Debug;
		};
		E6043D9E1DF69B83006F6351 /* Release */ = {
			isa = XCBuildConfiguration;
			buildSettings = {
				ASSETCATALOG_COMPILER_APPICON_NAME = AppIcon;
				INFOPLIST_FILE = CoreDataDemoApp/Info.plist;
				LD_RUNPATH_SEARCH_PATHS = "$(inherited) @executable_path/Frameworks";
				PRODUCT_BUNDLE_IDENTIFIER = "Felix-ITs-Divesh.CoreDataDemoApp";
				PRODUCT_NAME = "$(TARGET_NAME)";
			};
			name = Release;
		};
		E6043DA01DF69B83006F6351 /* Debug */ = {
			isa = XCBuildConfiguration;
			buildSettings = {
				BUNDLE_LOADER = "$(TEST_HOST)";
				INFOPLIST_FILE = CoreDataDemoAppTests/Info.plist;
				LD_RUNPATH_SEARCH_PATHS = "$(inherited) @executable_path/Frameworks @loader_path/Frameworks";
				PRODUCT_BUNDLE_IDENTIFIER = "Felix-ITs-Divesh.CoreDataDemoAppTests";
				PRODUCT_NAME = "$(TARGET_NAME)";
				TEST_HOST = "$(BUILT_PRODUCTS_DIR)/CoreDataDemoApp.app/CoreDataDemoApp";
			};
			name = Debug;
		};
		E6043DA11DF69B83006F6351 /* Release */ = {
			isa = XCBuildConfiguration;
			buildSettings = {
				BUNDLE_LOADER = "$(TEST_HOST)";
				INFOPLIST_FILE = CoreDataDemoAppTests/Info.plist;
				LD_RUNPATH_SEARCH_PATHS = "$(inherited) @executable_path/Frameworks @loader_path/Frameworks";
				PRODUCT_BUNDLE_IDENTIFIER = "Felix-ITs-Divesh.CoreDataDemoAppTests";
				PRODUCT_NAME = "$(TARGET_NAME)";
				TEST_HOST = "$(BUILT_PRODUCTS_DIR)/CoreDataDemoApp.app/CoreDataDemoApp";
			};
			name = Release;
		};
		E6043DA31DF69B83006F6351 /* Debug */ = {
			isa = XCBuildConfiguration;
			buildSettings = {
				INFOPLIST_FILE = CoreDataDemoAppUITests/Info.plist;
				LD_RUNPATH_SEARCH_PATHS = "$(inherited) @executable_path/Frameworks @loader_path/Frameworks";
				PRODUCT_BUNDLE_IDENTIFIER = "Felix-ITs-Divesh.CoreDataDemoAppUITests";
				PRODUCT_NAME = "$(TARGET_NAME)";
				TEST_TARGET_NAME = CoreDataDemoApp;
			};
			name = Debug;
		};
		E6043DA41DF69B83006F6351 /* Release */ = {
			isa = XCBuildConfiguration;
			buildSettings = {
				INFOPLIST_FILE = CoreDataDemoAppUITests/Info.plist;
				LD_RUNPATH_SEARCH_PATHS = "$(inherited) @executable_path/Frameworks @loader_path/Frameworks";
				PRODUCT_BUNDLE_IDENTIFIER = "Felix-ITs-Divesh.CoreDataDemoAppUITests";
				PRODUCT_NAME = "$(TARGET_NAME)";
				TEST_TARGET_NAME = CoreDataDemoApp;
			};
			name = Release;
		};
/* End XCBuildConfiguration section */

/* Begin XCConfigurationList section */
		E6043D671DF69B82006F6351 /* Build configuration list for PBXProject "CoreDataDemoApp" */ = {
			isa = XCConfigurationList;
			buildConfigurations = (
				E6043D9A1DF69B83006F6351 /* Debug */,
				E6043D9B1DF69B83006F6351 /* Release */,
			);
			defaultConfigurationIsVisible = 0;
			defaultConfigurationName = Release;
		};
		E6043D9C1DF69B83006F6351 /* Build configuration list for PBXNativeTarget "CoreDataDemoApp" */ = {
			isa = XCConfigurationList;
			buildConfigurations = (
				E6043D9D1DF69B83006F6351 /* Debug */,
				E6043D9E1DF69B83006F6351 /* Release */,
			);
			defaultConfigurationIsVisible = 0;
		};
		E6043D9F1DF69B83006F6351 /* Build configuration list for PBXNativeTarget "CoreDataDemoAppTests" */ = {
			isa = XCConfigurationList;
			buildConfigurations = (
				E6043DA01DF69B83006F6351 /* Debug */,
				E6043DA11DF69B83006F6351 /* Release */,
			);
			defaultConfigurationIsVisible = 0;
		};
		E6043DA21DF69B83006F6351 /* Build configuration list for PBXNativeTarget "CoreDataDemoAppUITests" */ = {
			isa = XCConfigurationList;
			buildConfigurations = (
				E6043DA31DF69B83006F6351 /* Debug */,
				E6043DA41DF69B83006F6351 /* Release */,
			);
			defaultConfigurationIsVisible = 0;
		};
/* End XCConfigurationList section */

/* Begin XCVersionGroup section */
		E6043D7B1DF69B83006F6351 /* CoreDataDemoApp.xcdatamodeld */ = {
			isa = XCVersionGroup;
			children = (
				E6043D7C1DF69B83006F6351 /* CoreDataDemoApp.xcdatamodel */,
			);
			currentVersion = E6043D7C1DF69B83006F6351 /* CoreDataDemoApp.xcdatamodel */;
			path = CoreDataDemoApp.xcdatamodeld;
			sourceTree = "<group>";
			versionGroupType = wrapper.xcdatamodel;
		};
/* End XCVersionGroup section */
	};
	rootObject = E6043D641DF69B82006F6351 /* Project object */;
}
